// !$*UTF8*$!
{
	archiveVersion = 1;
	classes = {
	};
	objectVersion = 46;
	objects = {

/* Begin PBXBuildFile section */
		74B5AEA31D8D66E6002CECA1 /* AppDelegate.swift in Sources */ = {isa = PBXBuildFile; fileRef = 74B5AEA21D8D66E6002CECA1 /* AppDelegate.swift */; };
		74B5AEA51D8D66E6002CECA1 /* ViewController.swift in Sources */ = {isa = PBXBuildFile; fileRef = 74B5AEA41D8D66E6002CECA1 /* ViewController.swift */; };
		74B5AEA81D8D66E6002CECA1 /* Main.storyboard in Resources */ = {isa = PBXBuildFile; fileRef = 74B5AEA61D8D66E6002CECA1 /* Main.storyboard */; };
		74B5AEAA1D8D66E6002CECA1 /* Assets.xcassets in Resources */ = {isa = PBXBuildFile; fileRef = 74B5AEA91D8D66E6002CECA1 /* Assets.xcassets */; };
		74B5AEAD1D8D66E6002CECA1 /* LaunchScreen.storyboard in Resources */ = {isa = PBXBuildFile; fileRef = 74B5AEAB1D8D66E6002CECA1 /* LaunchScreen.storyboard */; };
/* End PBXBuildFile section */

/* Begin PBXFileReference section */
		74B5AE9F1D8D66E6002CECA1 /* calcSquare.app */ = {isa = PBXFileReference; explicitFileType = wrapper.application; includeInIndex = 0; path = calcSquare.app; sourceTree = BUILT_PRODUCTS_DIR; };
		74B5AEA21D8D66E6002CECA1 /* AppDelegate.swift */ = {isa = PBXFileReference; lastKnownFileType = sourcecode.swift; path = AppDelegate.swift; sourceTree = "<group>"; };
		74B5AEA41D8D66E6002CECA1 /* ViewController.swift */ = {isa = PBXFileReference; lastKnownFileType = sourcecode.swift; path = ViewController.swift; sourceTree = "<group>"; };
		74B5AEA71D8D66E6002CECA1 /* Base */ = {isa = PBXFileReference; lastKnownFileType = file.storyboard; name = Base; path = Base.lproj/Main.storyboard; sourceTree = "<group>"; };
		74B5AEA91D8D66E6002CECA1 /* Assets.xcassets */ = {isa = PBXFileReference; lastKnownFileType = folder.assetcatalog; path = Assets.xcassets; sourceTree = "<group>"; };
		74B5AEAC1D8D66E6002CECA1 /* Base */ = {isa = PBXFileReference; lastKnownFileType = file.storyboard; name = Base; path = Base.lproj/LaunchScreen.storyboard; sourceTree = "<group>"; };
		74B5AEAE1D8D66E6002CECA1 /* Info.plist */ = {isa = PBXFileReference; lastKnownFileType = text.plist.xml; path = Info.plist; sourceTree = "<group>"; };
/* End PBXFileReference section */

/* Begin PBXFrameworksBuildPhase section */
		74B5AE9C1D8D66E6002CECA1 /* Frameworks */ = {
			isa = PBXFrameworksBuildPhase;
			buildActionMask = 2147483647;
			files = (
			);
			runOnlyForDeploymentPostprocessing = 0;
		};
/* End PBXFrameworksBuildPhase section */

/* Begin PBXGroup section */
		74B5AE961D8D66E6002CECA1 = {
			isa = PBXGroup;
			children = (
				74B5AEA11D8D66E6002CECA1 /* calcSquare */,
				74B5AEA01D8D66E6002CECA1 /* Products */,
			);
			sourceTree = "<group>";
		};
		74B5AEA01D8D66E6002CECA1 /* Products */ = {
			isa = PBXGroup;
			children = (
				74B5AE9F1D8D66E6002CECA1 /* calcSquare.app */,
			);
			name = Products;
			sourceTree = "<group>";
		};
		74B5AEA11D8D66E6002CECA1 /* calcSquare */ = {
			isa = PBXGroup;
			children = (
				74B5AEA21D8D66E6002CECA1 /* AppDelegate.swift */,
				74B5AEA41D8D66E6002CECA1 /* ViewController.swift */,
				74B5AEA61D8D66E6002CECA1 /* Main.storyboard */,
				74B5AEA91D8D66E6002CECA1 /* Assets.xcassets */,
				74B5AEAB1D8D66E6002CECA1 /* LaunchScreen.storyboard */,
				74B5AEAE1D8D66E6002CECA1 /* Info.plist */,
			);
			path = calcSquare;
			sourceTree = "<group>";
		};
/* End PBXGroup section */

/* Begin PBXNativeTarget section */
		74B5AE9E1D8D66E6002CECA1 /* calcSquare */ = {
			isa = PBXNativeTarget;
			buildConfigurationList = 74B5AEB11D8D66E6002CECA1 /* Build configuration list for PBXNativeTarget "calcSquare" */;
			buildPhases = (
				74B5AE9B1D8D66E6002CECA1 /* Sources */,
				74B5AE9C1D8D66E6002CECA1 /* Frameworks */,
				74B5AE9D1D8D66E6002CECA1 /* Resources */,
			);
			buildRules = (
			);
			dependencies = (
			);
			name = calcSquare;
			productName = calcSquare;
			productReference = 74B5AE9F1D8D66E6002CECA1 /* calcSquare.app */;
			productType = "com.apple.product-type.application";
		};
/* End PBXNativeTarget section */

/* Begin PBXProject section */
		74B5AE971D8D66E6002CECA1 /* Project object */ = {
			isa = PBXProject;
			attributes = {
				LastSwiftUpdateCheck = 0800;
				LastUpgradeCheck = 0800;
				ORGANIZATIONNAME = "Aleksei Malashenkov";
				TargetAttributes = {
					74B5AE9E1D8D66E6002CECA1 = {
						CreatedOnToolsVersion = 8.0;
						ProvisioningStyle = Automatic;
					};
				};
			};
			buildConfigurationList = 74B5AE9A1D8D66E6002CECA1 /* Build configuration list for PBXProject "calcSquare" */;
			compatibilityVersion = "Xcode 3.2";
			developmentRegion = English;
			hasScannedForEncodings = 0;
			knownRegions = (
				en,
				Base,
			);
			mainGroup = 74B5AE961D8D66E6002CECA1;
			productRefGroup = 74B5AEA01D8D66E6002CECA1 /* Products */;
			projectDirPath = "";
			projectRoot = "";
			targets = (
				74B5AE9E1D8D66E6002CECA1 /* calcSquare */,
			);
		};
/* End PBXProject section */

/* Begin PBXResourcesBuildPhase section */
		74B5AE9D1D8D66E6002CECA1 /* Resources */ = {
			isa = PBXResourcesBuildPhase;
			buildActionMask = 2147483647;
			files = (
				74B5AEAD1D8D66E6002CECA1 /* LaunchScreen.storyboard in Resources */,
				74B5AEAA1D8D66E6002CECA1 /* Assets.xcassets in Resources */,
				74B5AEA81D8D66E6002CECA1 /* Main.storyboard in Resources */,
			);
			runOnlyForDeploymentPostprocessing = 0;
		};
/* End PBXResourcesBuildPhase section */

/* Begin PBXSourcesBuildPhase section */
		74B5AE9B1D8D66E6002CECA1 /* Sources */ = {
			isa = PBXSourcesBuildPhase;
			buildActionMask = 2147483647;
			files = (
				74B5AEA51D8D66E6002CECA1 /* ViewController.swift in Sources */,
				74B5AEA31D8D66E6002CECA1 /* AppDelegate.swift in Sources */,
			);
			runOnlyForDeploymentPostprocessing = 0;
		};
/* End PBXSourcesBuildPhase section */

/* Begin PBXVariantGroup section */
		74B5AEA61D8D66E6002CECA1 /* Main.storyboard */ = {
			isa = PBXVariantGroup;
			children = (
				74B5AEA71D8D66E6002CECA1 /* Base */,
			);
			name = Main.storyboard;
			sourceTree = "<group>";
		};
		74B5AEAB1D8D66E6002CECA1 /* LaunchScreen.storyboard */ = {
			isa = PBXVariantGroup;
			children = (
				74B5AEAC1D8D66E6002CECA1 /* Base */,
			);
			name = LaunchScreen.storyboard;
			sourceTree = "<group>";
		};
/* End PBXVariantGroup section */

/* Begin XCBuildConfiguration section */
		74B5AEAF1D8D66E6002CECA1 /* Debug */ = {
			isa = XCBuildConfiguration;
			buildSettings = {
				ALWAYS_SEARCH_USER_PATHS = NO;
				CLANG_ANALYZER_NONNULL = YES;
				CLANG_CXX_LANGUAGE_STANDARD = "gnu++0x";
				CLANG_CXX_LIBRARY = "libc++";
				CLANG_ENABLE_MODULES = YES;
				CLANG_ENABLE_OBJC_ARC = YES;
				CLANG_WARN_BOOL_CONVERSION = YES;
				CLANG_WARN_CONSTANT_CONVERSION = YES;
				CLANG_WARN_DIRECT_OBJC_ISA_USAGE = YES_ERROR;
				CLANG_WARN_DOCUMENTATION_COMMENTS = YES;
				CLANG_WARN_EMPTY_BODY = YES;
				CLANG_WARN_ENUM_CONVERSION = YES;
				CLANG_WARN_INFINITE_RECURSION = YES;
				CLANG_WARN_INT_CONVERSION = YES;
				CLANG_WARN_OBJC_ROOT_CLASS = YES_ERROR;
				CLANG_WARN_SUSPICIOUS_MOVES = YES;
				CLANG_WARN_UNREACHABLE_CODE = YES;
				CLANG_WARN__DUPLICATE_METHOD_MATCH = YES;
				"CODE_SIGN_IDENTITY[sdk=iphoneos*]" = "iPhone Developer";
				COPY_PHASE_STRIP = NO;
				DEBUG_INFORMATION_FORMAT = dwarf;
				ENABLE_STRICT_OBJC_MSGSEND = YES;
				ENABLE_TESTABILITY = YES;
				GCC_C_LANGUAGE_STANDARD = gnu99;
				GCC_DYNAMIC_NO_PIC = NO;
				GCC_NO_COMMON_BLOCKS = YES;
				GCC_OPTIMIZATION_LEVEL = 0;
				GCC_PREPROCESSOR_DEFINITIONS = (
					"DEBUG=1",
					"$(inherited)",
				);
				GCC_WARN_64_TO_32_BIT_CONVERSION = YES;
				GCC_WARN_ABOUT_RETURN_TYPE = YES_ERROR;
				GCC_WARN_UNDECLARED_SELECTOR = YES;
				GCC_WARN_UNINITIALIZED_AUTOS = YES_AGGRESSIVE;
				GCC_WARN_UNUSED_FUNCTION = YES;
				GCC_WARN_UNUSED_VARIABLE = YES;
				IPHONEOS_DEPLOYMENT_TARGET = 10.0;
				MTL_ENABLE_DEBUG_INFO = YES;
				ONLY_ACTIVE_ARCH = YES;
				SDKROOT = iphoneos;
				SWIFT_ACTIVE_COMPILATION_CONDITIONS = DEBUG;
				SWIFT_OPTIMIZATION_LEVEL = "-Onone";
			};
			name = Debug;
		};
		74B5AEB01D8D66E6002CECA1 /* Release */ = {
			isa = XCBuildConfiguration;
			buildSettings = {
				ALWAYS_SEARCH_USER_PATHS = NO;
				CLANG_ANALYZER_NONNULL = YES;
				CLANG_CXX_LANGUAGE_STANDARD = "gnu++0x";
				CLANG_CXX_LIBRARY = "libc++";
				CLANG_ENABLE_MODULES = YES;
				CLANG_ENABLE_OBJC_ARC = YES;
				CLANG_WARN_BOOL_CONVERSION = YES;
				CLANG_WARN_CONSTANT_CONVERSION = YES;
				CLANG_WARN_DIRECT_OBJC_ISA_USAGE = YES_ERROR;
				CLANG_WARN_DOCUMENTATION_COMMENTS = YES;
				CLANG_WARN_EMPTY_BODY = YES;
				CLANG_WARN_ENUM_CONVERSION = YES;
				CLANG_WARN_INFINITE_RECURSION = YES;
				CLANG_WARN_INT_CONVERSION = YES;
				CLANG_WARN_OBJC_ROOT_CLASS = YES_ERROR;
				CLANG_WARN_SUSPICIOUS_MOVES = YES;
				CLANG_WARN_UNREACHABLE_CODE = YES;
				CLANG_WARN__DUPLICATE_METHOD_MATCH = YES;
				"CODE_SIGN_IDENTITY[sdk=iphoneos*]" = "iPhone Developer";
				COPY_PHASE_STRIP = NO;
				DEBUG_INFORMATION_FORMAT = "dwarf-with-dsym";
				ENABLE_NS_ASSERTIONS = NO;
				ENABLE_STRICT_OBJC_MSGSEND = YES;
				GCC_C_LANGUAGE_STANDARD = gnu99;
				GCC_NO_COMMON_BLOCKS = YES;
				GCC_WARN_64_TO_32_BIT_CONVERSION = YES;
				GCC_WARN_ABOUT_RETURN_TYPE = YES_ERROR;
				GCC_WARN_UNDECLARED_SELECTOR = YES;
				GCC_WARN_UNINITIALIZED_AUTOS = YES_AGGRESSIVE;
				GCC_WARN_UNUSED_FUNCTION = YES;
				GCC_WARN_UNUSED_VARIABLE = YES;
				IPHONEOS_DEPLOYMENT_TARGET = 10.0;
				MTL_ENABLE_DEBUG_INFO = NO;
				SDKROOT = iphoneos;
				SWIFT_OPTIMIZATION_LEVEL = "-Owholemodule";
				VALIDATE_PRODUCT = YES;
			};
			name = Release;
		};
		74B5AEB21D8D66E6002CECA1 /* Debug */ = {
			isa = XCBuildConfiguration;
			buildSettings = {
				ASSETCATALOG_COMPILER_APPICON_NAME = AppIcon;
				INFOPLIST_FILE = calcSquare/Info.plist;
				LD_RUNPATH_SEARCH_PATHS = "$(inherited) @executable_path/Frameworks";
				PRODUCT_BUNDLE_IDENTIFIER = com.example.calcSquare;
				PRODUCT_NAME = "$(TARGET_NAME)";
				SWIFT_VERSION = 3.0;
			};
			name = Debug;
		};
		74B5AEB31D8D66E6002CECA1 /* Release */ = {
			isa = XCBuildConfiguration;
			buildSettings = {
				ASSETCATALOG_COMPILER_APPICON_NAME = AppIcon;
				INFOPLIST_FILE = calcSquare/Info.plist;
				LD_RUNPATH_SEARCH_PATHS = "$(inherited) @executable_path/Frameworks";
				PRODUCT_BUNDLE_IDENTIFIER = com.example.calcSquare;
				PRODUCT_NAME = "$(TARGET_NAME)";
				SWIFT_VERSION = 3.0;
			};
			name = Release;
		};
/* End XCBuildConfiguration section */

/* Begin XCConfigurationList section */
		74B5AE9A1D8D66E6002CECA1 /* Build configuration list for PBXProject "calcSquare" */ = {
			isa = XCConfigurationList;
			buildConfigurations = (
				74B5AEAF1D8D66E6002CECA1 /* Debug */,
				74B5AEB01D8D66E6002CECA1 /* Release */,
			);
			defaultConfigurationIsVisible = 0;
			defaultConfigurationName = Release;
		};
		74B5AEB11D8D66E6002CECA1 /* Build configuration list for PBXNativeTarget "calcSquare" */ = {
			isa = XCConfigurationList;
			buildConfigurations = (
				74B5AEB21D8D66E6002CECA1 /* Debug */,
				74B5AEB31D8D66E6002CECA1 /* Release */,
			);
			defaultConfigurationIsVisible = 0;
		};
/* End XCConfigurationList section */
	};
	rootObject = 74B5AE971D8D66E6002CECA1 /* Project object */;
}
